
Microsoft Visual Studio Solution File, Format Version 12.00
# Visual Studio Version 17
VisualStudioVersion = 17.5.33530.505
MinimumVisualStudioVersion = 10.0.40219.1
Project("{888888A0-9F3D-457C-B088-3A5042F75D52}") = "Exercise1", "Exercise1.pyproj", "{CED3728D-2E25-44BA-BE6A-184B96800F9E}"
EndProject
Global
	GlobalSection(SolutionConfigurationPlatforms) = preSolution
		Debug|Any CPU = Debug|Any CPU
		Release|Any CPU = Release|Any CPU
	EndGlobalSection
	GlobalSection(ProjectConfigurationPlatforms) = postSolution
		{CED3728D-2E25-44BA-BE6A-184B96800F9E}.Debug|Any CPU.ActiveCfg = Debug|Any CPU
		{CED3728D-2E25-44BA-BE6A-184B96800F9E}.Release|Any CPU.ActiveCfg = Release|Any CPU
	EndGlobalSection
	GlobalSection(SolutionProperties) = preSolution
		HideSolutionNode = FALSE
	EndGlobalSection
	GlobalSection(ExtensibilityGlobals) = postSolution
		SolutionGuid = {BF40CE55-3958-49A8-90AB-8B682968D3F3}
	EndGlobalSection
EndGlobal
