
Microsoft Visual Studio Solution File, Format Version 12.00
# Visual Studio Version 17
VisualStudioVersion = 17.5.33530.505
MinimumVisualStudioVersion = 10.0.40219.1
Project("{888888A0-9F3D-457C-B088-3A5042F75D52}") = "Exercise2", "Exercise2.pyproj", "{755BCAF9-6C31-4D48-8A2E-285AA8E14EC0}"
EndProject
Global
	GlobalSection(SolutionConfigurationPlatforms) = preSolution
		Debug|Any CPU = Debug|Any CPU
		Release|Any CPU = Release|Any CPU
	EndGlobalSection
	GlobalSection(ProjectConfigurationPlatforms) = postSolution
		{755BCAF9-6C31-4D48-8A2E-285AA8E14EC0}.Debug|Any CPU.ActiveCfg = Debug|Any CPU
		{755BCAF9-6C31-4D48-8A2E-285AA8E14EC0}.Release|Any CPU.ActiveCfg = Release|Any CPU
	EndGlobalSection
	GlobalSection(SolutionProperties) = preSolution
		HideSolutionNode = FALSE
	EndGlobalSection
	GlobalSection(ExtensibilityGlobals) = postSolution
		SolutionGuid = {873FD716-624C-45AF-9249-80A6B68CA745}
	EndGlobalSection
EndGlobal
