
Microsoft Visual Studio Solution File, Format Version 12.00
# Visual Studio Version 17
VisualStudioVersion = 17.5.33530.505
MinimumVisualStudioVersion = 10.0.40219.1
Project("{888888A0-9F3D-457C-B088-3A5042F75D52}") = "Exercise2", "Exercise2.pyproj", "{32C2F4D7-60D9-49A0-B57D-45201C85A011}"
EndProject
Global
	GlobalSection(SolutionConfigurationPlatforms) = preSolution
		Debug|Any CPU = Debug|Any CPU
		Release|Any CPU = Release|Any CPU
	EndGlobalSection
	GlobalSection(ProjectConfigurationPlatforms) = postSolution
		{32C2F4D7-60D9-49A0-B57D-45201C85A011}.Debug|Any CPU.ActiveCfg = Debug|Any CPU
		{32C2F4D7-60D9-49A0-B57D-45201C85A011}.Release|Any CPU.ActiveCfg = Release|Any CPU
	EndGlobalSection
	GlobalSection(SolutionProperties) = preSolution
		HideSolutionNode = FALSE
	EndGlobalSection
	GlobalSection(ExtensibilityGlobals) = postSolution
		SolutionGuid = {92BFB421-58C1-45AF-97AC-68517B559961}
	EndGlobalSection
EndGlobal
