
Microsoft Visual Studio Solution File, Format Version 12.00
# Visual Studio Version 17
VisualStudioVersion = 17.5.33530.505
MinimumVisualStudioVersion = 10.0.40219.1
Project("{888888A0-9F3D-457C-B088-3A5042F75D52}") = "Exercise2", "Exercise2.pyproj", "{16840301-B6EC-4D54-A3EB-643E1DCDB9C2}"
EndProject
Global
	GlobalSection(SolutionConfigurationPlatforms) = preSolution
		Debug|Any CPU = Debug|Any CPU
		Release|Any CPU = Release|Any CPU
	EndGlobalSection
	GlobalSection(ProjectConfigurationPlatforms) = postSolution
		{16840301-B6EC-4D54-A3EB-643E1DCDB9C2}.Debug|Any CPU.ActiveCfg = Debug|Any CPU
		{16840301-B6EC-4D54-A3EB-643E1DCDB9C2}.Release|Any CPU.ActiveCfg = Release|Any CPU
	EndGlobalSection
	GlobalSection(SolutionProperties) = preSolution
		HideSolutionNode = FALSE
	EndGlobalSection
	GlobalSection(ExtensibilityGlobals) = postSolution
		SolutionGuid = {A4B61BE4-E229-4A3F-99B0-78C862381CD6}
	EndGlobalSection
EndGlobal
