
Microsoft Visual Studio Solution File, Format Version 12.00
# Visual Studio Version 17
VisualStudioVersion = 17.5.33530.505
MinimumVisualStudioVersion = 10.0.40219.1
Project("{888888A0-9F3D-457C-B088-3A5042F75D52}") = "Exercise1", "Exercise1.pyproj", "{B3098838-C14C-404B-8559-D8DA57002DDC}"
EndProject
Global
	GlobalSection(SolutionConfigurationPlatforms) = preSolution
		Debug|Any CPU = Debug|Any CPU
		Release|Any CPU = Release|Any CPU
	EndGlobalSection
	GlobalSection(ProjectConfigurationPlatforms) = postSolution
		{B3098838-C14C-404B-8559-D8DA57002DDC}.Debug|Any CPU.ActiveCfg = Debug|Any CPU
		{B3098838-C14C-404B-8559-D8DA57002DDC}.Release|Any CPU.ActiveCfg = Release|Any CPU
	EndGlobalSection
	GlobalSection(SolutionProperties) = preSolution
		HideSolutionNode = FALSE
	EndGlobalSection
	GlobalSection(ExtensibilityGlobals) = postSolution
		SolutionGuid = {89B36422-7D17-4ECE-9056-3358C65F74D9}
	EndGlobalSection
EndGlobal
